
Microsoft Visual Studio Solution File, Format Version 12.00
# Visual Studio Version 17
VisualStudioVersion = 17.1.32421.90
MinimumVisualStudioVersion = 10.0.40219.1
Project("{9A19103F-16F7-4668-BE54-9A1E7A4F7556}") = "Wtalk.Api", "wtalk.Api\Wtalk.Api.csproj", "{321F614C-3146-41A0-B75E-31156FD409F6}"
EndProject
Project("{9A19103F-16F7-4668-BE54-9A1E7A4F7556}") = "Wtalk.Core", "wtalk.Core\Wtalk.Core.csproj", "{C1F816A9-5BAD-4F77-B552-FCF882D055E6}"
EndProject
Project("{9A19103F-16F7-4668-BE54-9A1E7A4F7556}") = "Wtalk.Infrastracture", "wtalk.Infrastracture\Wtalk.Infrastracture.csproj", "{CC04CE1A-7C18-4A7B-BE8D-2048FED93FCE}"
EndProject
Global
	GlobalSection(SolutionConfigurationPlatforms) = preSolution
		Debug|Any CPU = Debug|Any CPU
		Release|Any CPU = Release|Any CPU
	EndGlobalSection
	GlobalSection(ProjectConfigurationPlatforms) = postSolution
		{321F614C-3146-41A0-B75E-31156FD409F6}.Debug|Any CPU.ActiveCfg = Debug|Any CPU
		{321F614C-3146-41A0-B75E-31156FD409F6}.Debug|Any CPU.Build.0 = Debug|Any CPU
		{321F614C-3146-41A0-B75E-31156FD409F6}.Release|Any CPU.ActiveCfg = Release|Any CPU
		{321F614C-3146-41A0-B75E-31156FD409F6}.Release|Any CPU.Build.0 = Release|Any CPU
		{C1F816A9-5BAD-4F77-B552-FCF882D055E6}.Debug|Any CPU.ActiveCfg = Debug|Any CPU
		{C1F816A9-5BAD-4F77-B552-FCF882D055E6}.Debug|Any CPU.Build.0 = Debug|Any CPU
		{C1F816A9-5BAD-4F77-B552-FCF882D055E6}.Release|Any CPU.ActiveCfg = Release|Any CPU
		{C1F816A9-5BAD-4F77-B552-FCF882D055E6}.Release|Any CPU.Build.0 = Release|Any CPU
		{CC04CE1A-7C18-4A7B-BE8D-2048FED93FCE}.Debug|Any CPU.ActiveCfg = Debug|Any CPU
		{CC04CE1A-7C18-4A7B-BE8D-2048FED93FCE}.Debug|Any CPU.Build.0 = Debug|Any CPU
		{CC04CE1A-7C18-4A7B-BE8D-2048FED93FCE}.Release|Any CPU.ActiveCfg = Release|Any CPU
		{CC04CE1A-7C18-4A7B-BE8D-2048FED93FCE}.Release|Any CPU.Build.0 = Release|Any CPU
	EndGlobalSection
	GlobalSection(SolutionProperties) = preSolution
		HideSolutionNode = FALSE
	EndGlobalSection
	GlobalSection(ExtensibilityGlobals) = postSolution
		SolutionGuid = {66E8C299-F81B-44C1-9C94-615A46F463AC}
	EndGlobalSection
EndGlobal
